// !$*UTF8*$!
{
	archiveVersion = 1;
	classes = {
	};
	objectVersion = 48;
	objects = {

/* Begin PBXBuildFile section */
		1784B6381FED62090071A2D0 /* AppDelegate.swift in Sources */ = {isa = PBXBuildFile; fileRef = 1784B6371FED62090071A2D0 /* AppDelegate.swift */; };
		1784B63A1FED62090071A2D0 /* ViewController.swift in Sources */ = {isa = PBXBuildFile; fileRef = 1784B6391FED62090071A2D0 /* ViewController.swift */; };
		1784B63D1FED62090071A2D0 /* Main.storyboard in Resources */ = {isa = PBXBuildFile; fileRef = 1784B63B1FED62090071A2D0 /* Main.storyboard */; };
		1784B63F1FED62090071A2D0 /* Assets.xcassets in Resources */ = {isa = PBXBuildFile; fileRef = 1784B63E1FED62090071A2D0 /* Assets.xcassets */; };
		1784B6421FED62090071A2D0 /* LaunchScreen.storyboard in Resources */ = {isa = PBXBuildFile; fileRef = 1784B6401FED62090071A2D0 /* LaunchScreen.storyboard */; };
		1784B64D1FED620A0071A2D0 /* testSwiftTests.swift in Sources */ = {isa = PBXBuildFile; fileRef = 1784B64C1FED620A0071A2D0 /* testSwiftTests.swift */; };
		1784B6581FED620A0071A2D0 /* testSwiftUITests.swift in Sources */ = {isa = PBXBuildFile; fileRef = 1784B6571FED620A0071A2D0 /* testSwiftUITests.swift */; };
		1784B66C1FED78A70071A2D0 /* TableViewController.swift in Sources */ = {isa = PBXBuildFile; fileRef = 1784B66B1FED78A70071A2D0 /* TableViewController.swift */; };
/* End PBXBuildFile section */

/* Begin PBXContainerItemProxy section */
		1784B6491FED620A0071A2D0 /* PBXContainerItemProxy */ = {
			isa = PBXContainerItemProxy;
			containerPortal = 1784B62C1FED62090071A2D0 /* Project object */;
			proxyType = 1;
			remoteGlobalIDString = 1784B6331FED62090071A2D0;
			remoteInfo = testSwift;
		};
		1784B6541FED620A0071A2D0 /* PBXContainerItemProxy */ = {
			isa = PBXContainerItemProxy;
			containerPortal = 1784B62C1FED62090071A2D0 /* Project object */;
			proxyType = 1;
			remoteGlobalIDString = 1784B6331FED62090071A2D0;
			remoteInfo = testSwift;
		};
/* End PBXContainerItemProxy section */

/* Begin PBXFileReference section */
		1784B6341FED62090071A2D0 /* testSwift.app */ = {isa = PBXFileReference; explicitFileType = wrapper.application; includeInIndex = 0; path = testSwift.app; sourceTree = BUILT_PRODUCTS_DIR; };
		1784B6371FED62090071A2D0 /* AppDelegate.swift */ = {isa = PBXFileReference; lastKnownFileType = sourcecode.swift; path = AppDelegate.swift; sourceTree = "<group>"; };
		1784B6391FED62090071A2D0 /* ViewController.swift */ = {isa = PBXFileReference; lastKnownFileType = sourcecode.swift; path = ViewController.swift; sourceTree = "<group>"; };
		1784B63C1FED62090071A2D0 /* Base */ = {isa = PBXFileReference; lastKnownFileType = file.storyboard; name = Base; path = Base.lproj/Main.storyboard; sourceTree = "<group>"; };
		1784B63E1FED62090071A2D0 /* Assets.xcassets */ = {isa = PBXFileReference; lastKnownFileType = folder.assetcatalog; path = Assets.xcassets; sourceTree = "<group>"; };
		1784B6411FED62090071A2D0 /* Base */ = {isa = PBXFileReference; lastKnownFileType = file.storyboard; name = Base; path = Base.lproj/LaunchScreen.storyboard; sourceTree = "<group>"; };
		1784B6431FED62090071A2D0 /* Info.plist */ = {isa = PBXFileReference; lastKnownFileType = text.plist.xml; path = Info.plist; sourceTree = "<group>"; };
		1784B6481FED620A0071A2D0 /* testSwiftTests.xctest */ = {isa = PBXFileReference; explicitFileType = wrapper.cfbundle; includeInIndex = 0; path = testSwiftTests.xctest; sourceTree = BUILT_PRODUCTS_DIR; };
		1784B64C1FED620A0071A2D0 /* testSwiftTests.swift */ = {isa = PBXFileReference; lastKnownFileType = sourcecode.swift; path = testSwiftTests.swift; sourceTree = "<group>"; };
		1784B64E1FED620A0071A2D0 /* Info.plist */ = {isa = PBXFileReference; lastKnownFileType = text.plist.xml; path = Info.plist; sourceTree = "<group>"; };
		1784B6531FED620A0071A2D0 /* testSwiftUITests.xctest */ = {isa = PBXFileReference; explicitFileType = wrapper.cfbundle; includeInIndex = 0; path = testSwiftUITests.xctest; sourceTree = BUILT_PRODUCTS_DIR; };
		1784B6571FED620A0071A2D0 /* testSwiftUITests.swift */ = {isa = PBXFileReference; lastKnownFileType = sourcecode.swift; path = testSwiftUITests.swift; sourceTree = "<group>"; };
		1784B6591FED620A0071A2D0 /* Info.plist */ = {isa = PBXFileReference; lastKnownFileType = text.plist.xml; path = Info.plist; sourceTree = "<group>"; };
		1784B66B1FED78A70071A2D0 /* TableViewController.swift */ = {isa = PBXFileReference; lastKnownFileType = sourcecode.swift; path = TableViewController.swift; sourceTree = "<group>"; };
/* End PBXFileReference section */

/* Begin PBXFrameworksBuildPhase section */
		1784B6311FED62090071A2D0 /* Frameworks */ = {
			isa = PBXFrameworksBuildPhase;
			buildActionMask = 2147483647;
			files = (
			);
			runOnlyForDeploymentPostprocessing = 0;
		};
		1784B6451FED620A0071A2D0 /* Frameworks */ = {
			isa = PBXFrameworksBuildPhase;
			buildActionMask = 2147483647;
			files = (
			);
			runOnlyForDeploymentPostprocessing = 0;
		};
		1784B6501FED620A0071A2D0 /* Frameworks */ = {
			isa = PBXFrameworksBuildPhase;
			buildActionMask = 2147483647;
			files = (
			);
			runOnlyForDeploymentPostprocessing = 0;
		};
/* End PBXFrameworksBuildPhase section */

/* Begin PBXGroup section */
		1784B62B1FED62090071A2D0 = {
			isa = PBXGroup;
			children = (
				1784B6361FED62090071A2D0 /* testSwift */,
				1784B64B1FED620A0071A2D0 /* testSwiftTests */,
				1784B6561FED620A0071A2D0 /* testSwiftUITests */,
				1784B6351FED62090071A2D0 /* Products */,
			);
			sourceTree = "<group>";
		};
		1784B6351FED62090071A2D0 /* Products */ = {
			isa = PBXGroup;
			children = (
				1784B6341FED62090071A2D0 /* testSwift.app */,
				1784B6481FED620A0071A2D0 /* testSwiftTests.xctest */,
				1784B6531FED620A0071A2D0 /* testSwiftUITests.xctest */,
			);
			name = Products;
			sourceTree = "<group>";
		};
		1784B6361FED62090071A2D0 /* testSwift */ = {
			isa = PBXGroup;
			children = (
				1784B6371FED62090071A2D0 /* AppDelegate.swift */,
				1784B6391FED62090071A2D0 /* ViewController.swift */,
				1784B66B1FED78A70071A2D0 /* TableViewController.swift */,
				1784B63B1FED62090071A2D0 /* Main.storyboard */,
				1784B63E1FED62090071A2D0 /* Assets.xcassets */,
				1784B6401FED62090071A2D0 /* LaunchScreen.storyboard */,
				1784B6431FED62090071A2D0 /* Info.plist */,
			);
			path = testSwift;
			sourceTree = "<group>";
		};
		1784B64B1FED620A0071A2D0 /* testSwiftTests */ = {
			isa = PBXGroup;
			children = (
				1784B64C1FED620A0071A2D0 /* testSwiftTests.swift */,
				1784B64E1FED620A0071A2D0 /* Info.plist */,
			);
			path = testSwiftTests;
			sourceTree = "<group>";
		};
		1784B6561FED620A0071A2D0 /* testSwiftUITests */ = {
			isa = PBXGroup;
			children = (
				1784B6571FED620A0071A2D0 /* testSwiftUITests.swift */,
				1784B6591FED620A0071A2D0 /* Info.plist */,
			);
			path = testSwiftUITests;
			sourceTree = "<group>";
		};
/* End PBXGroup section */

/* Begin PBXNativeTarget section */
		1784B6331FED62090071A2D0 /* testSwift */ = {
			isa = PBXNativeTarget;
			buildConfigurationList = 1784B65C1FED620A0071A2D0 /* Build configuration list for PBXNativeTarget "testSwift" */;
			buildPhases = (
				1784B6301FED62090071A2D0 /* Sources */,
				1784B6311FED62090071A2D0 /* Frameworks */,
				1784B6321FED62090071A2D0 /* Resources */,
			);
			buildRules = (
			);
			dependencies = (
			);
			name = testSwift;
			productName = testSwift;
			productReference = 1784B6341FED62090071A2D0 /* testSwift.app */;
			productType = "com.apple.product-type.application";
		};
		1784B6471FED620A0071A2D0 /* testSwiftTests */ = {
			isa = PBXNativeTarget;
			buildConfigurationList = 1784B65F1FED620A0071A2D0 /* Build configuration list for PBXNativeTarget "testSwiftTests" */;
			buildPhases = (
				1784B6441FED620A0071A2D0 /* Sources */,
				1784B6451FED620A0071A2D0 /* Frameworks */,
				1784B6461FED620A0071A2D0 /* Resources */,
			);
			buildRules = (
			);
			dependencies = (
				1784B64A1FED620A0071A2D0 /* PBXTargetDependency */,
			);
			name = testSwiftTests;
			productName = testSwiftTests;
			productReference = 1784B6481FED620A0071A2D0 /* testSwiftTests.xctest */;
			productType = "com.apple.product-type.bundle.unit-test";
		};
		1784B6521FED620A0071A2D0 /* testSwiftUITests */ = {
			isa = PBXNativeTarget;
			buildConfigurationList = 1784B6621FED620A0071A2D0 /* Build configuration list for PBXNativeTarget "testSwiftUITests" */;
			buildPhases = (
				1784B64F1FED620A0071A2D0 /* Sources */,
				1784B6501FED620A0071A2D0 /* Frameworks */,
				1784B6511FED620A0071A2D0 /* Resources */,
			);
			buildRules = (
			);
			dependencies = (
				1784B6551FED620A0071A2D0 /* PBXTargetDependency */,
			);
			name = testSwiftUITests;
			productName = testSwiftUITests;
			productReference = 1784B6531FED620A0071A2D0 /* testSwiftUITests.xctest */;
			productType = "com.apple.product-type.bundle.ui-testing";
		};
/* End PBXNativeTarget section */

/* Begin PBXProject section */
		1784B62C1FED62090071A2D0 /* Project object */ = {
			isa = PBXProject;
			attributes = {
				LastSwiftUpdateCheck = 0920;
				LastUpgradeCheck = 0920;
				ORGANIZATIONNAME = "Jordan Bouaoun";
				TargetAttributes = {
					1784B6331FED62090071A2D0 = {
						CreatedOnToolsVersion = 9.2;
						ProvisioningStyle = Automatic;
					};
					1784B6471FED620A0071A2D0 = {
						CreatedOnToolsVersion = 9.2;
						ProvisioningStyle = Automatic;
						TestTargetID = 1784B6331FED62090071A2D0;
					};
					1784B6521FED620A0071A2D0 = {
						CreatedOnToolsVersion = 9.2;
						ProvisioningStyle = Automatic;
						TestTargetID = 1784B6331FED62090071A2D0;
					};
				};
			};
			buildConfigurationList = 1784B62F1FED62090071A2D0 /* Build configuration list for PBXProject "testSwift" */;
			compatibilityVersion = "Xcode 8.0";
			developmentRegion = en;
			hasScannedForEncodings = 0;
			knownRegions = (
				en,
				Base,
			);
			mainGroup = 1784B62B1FED62090071A2D0;
			productRefGroup = 1784B6351FED62090071A2D0 /* Products */;
			projectDirPath = "";
			projectRoot = "";
			targets = (
				1784B6331FED62090071A2D0 /* testSwift */,
				1784B6471FED620A0071A2D0 /* testSwiftTests */,
				1784B6521FED620A0071A2D0 /* testSwiftUITests */,
			);
		};
/* End PBXProject section */

/* Begin PBXResourcesBuildPhase section */
		1784B6321FED62090071A2D0 /* Resources */ = {
			isa = PBXResourcesBuildPhase;
			buildActionMask = 2147483647;
			files = (
				1784B6421FED62090071A2D0 /* LaunchScreen.storyboard in Resources */,
				1784B63F1FED62090071A2D0 /* Assets.xcassets in Resources */,
				1784B63D1FED62090071A2D0 /* Main.storyboard in Resources */,
			);
			runOnlyForDeploymentPostprocessing = 0;
		};
		1784B6461FED620A0071A2D0 /* Resources */ = {
			isa = PBXResourcesBuildPhase;
			buildActionMask = 2147483647;
			files = (
			);
			runOnlyForDeploymentPostprocessing = 0;
		};
		1784B6511FED620A0071A2D0 /* Resources */ = {
			isa = PBXResourcesBuildPhase;
			buildActionMask = 2147483647;
			files = (
			);
			runOnlyForDeploymentPostprocessing = 0;
		};
/* End PBXResourcesBuildPhase section */

/* Begin PBXSourcesBuildPhase section */
		1784B6301FED62090071A2D0 /* Sources */ = {
			isa = PBXSourcesBuildPhase;
			buildActionMask = 2147483647;
			files = (
				1784B63A1FED62090071A2D0 /* ViewController.swift in Sources */,
				1784B6381FED62090071A2D0 /* AppDelegate.swift in Sources */,
				1784B66C1FED78A70071A2D0 /* TableViewController.swift in Sources */,
			);
			runOnlyForDeploymentPostprocessing = 0;
		};
		1784B6441FED620A0071A2D0 /* Sources */ = {
			isa = PBXSourcesBuildPhase;
			buildActionMask = 2147483647;
			files = (
				1784B64D1FED620A0071A2D0 /* testSwiftTests.swift in Sources */,
			);
			runOnlyForDeploymentPostprocessing = 0;
		};
		1784B64F1FED620A0071A2D0 /* Sources */ = {
			isa = PBXSourcesBuildPhase;
			buildActionMask = 2147483647;
			files = (
				1784B6581FED620A0071A2D0 /* testSwiftUITests.swift in Sources */,
			);
			runOnlyForDeploymentPostprocessing = 0;
		};
/* End PBXSourcesBuildPhase section */

/* Begin PBXTargetDependency section */
		1784B64A1FED620A0071A2D0 /* PBXTargetDependency */ = {
			isa = PBXTargetDependency;
			target = 1784B6331FED62090071A2D0 /* testSwift */;
			targetProxy = 1784B6491FED620A0071A2D0 /* PBXContainerItemProxy */;
		};
		1784B6551FED620A0071A2D0 /* PBXTargetDependency */ = {
			isa = PBXTargetDependency;
			target = 1784B6331FED62090071A2D0 /* testSwift */;
			targetProxy = 1784B6541FED620A0071A2D0 /* PBXContainerItemProxy */;
		};
/* End PBXTargetDependency section */

/* Begin PBXVariantGroup section */
		1784B63B1FED62090071A2D0 /* Main.storyboard */ = {
			isa = PBXVariantGroup;
			children = (
				1784B63C1FED62090071A2D0 /* Base */,
			);
			name = Main.storyboard;
			sourceTree = "<group>";
		};
		1784B6401FED62090071A2D0 /* LaunchScreen.storyboard */ = {
			isa = PBXVariantGroup;
			children = (
				1784B6411FED62090071A2D0 /* Base */,
			);
			name = LaunchScreen.storyboard;
			sourceTree = "<group>";
		};
/* End PBXVariantGroup section */

/* Begin XCBuildConfiguration section */
		1784B65A1FED620A0071A2D0 /* Debug */ = {
			isa = XCBuildConfiguration;
			buildSettings = {
				ALWAYS_SEARCH_USER_PATHS = NO;
				CLANG_ANALYZER_NONNULL = YES;
				CLANG_ANALYZER_NUMBER_OBJECT_CONVERSION = YES_AGGRESSIVE;
				CLANG_CXX_LANGUAGE_STANDARD = "gnu++14";
				CLANG_CXX_LIBRARY = "libc++";
				CLANG_ENABLE_MODULES = YES;
				CLANG_ENABLE_OBJC_ARC = YES;
				CLANG_WARN_BLOCK_CAPTURE_AUTORELEASING = YES;
				CLANG_WARN_BOOL_CONVERSION = YES;
				CLANG_WARN_COMMA = YES;
				CLANG_WARN_CONSTANT_CONVERSION = YES;
				CLANG_WARN_DIRECT_OBJC_ISA_USAGE = YES_ERROR;
				CLANG_WARN_DOCUMENTATION_COMMENTS = YES;
				CLANG_WARN_EMPTY_BODY = YES;
				CLANG_WARN_ENUM_CONVERSION = YES;
				CLANG_WARN_INFINITE_RECURSION = YES;
				CLANG_WARN_INT_CONVERSION = YES;
				CLANG_WARN_NON_LITERAL_NULL_CONVERSION = YES;
				CLANG_WARN_OBJC_LITERAL_CONVERSION = YES;
				CLANG_WARN_OBJC_ROOT_CLASS = YES_ERROR;
				CLANG_WARN_RANGE_LOOP_ANALYSIS = YES;
				CLANG_WARN_STRICT_PROTOTYPES = YES;
				CLANG_WARN_SUSPICIOUS_MOVE = YES;
				CLANG_WARN_UNGUARDED_AVAILABILITY = YES_AGGRESSIVE;
				CLANG_WARN_UNREACHABLE_CODE = YES;
				CLANG_WARN__DUPLICATE_METHOD_MATCH = YES;
				CODE_SIGN_IDENTITY = "iPhone Developer";
				COPY_PHASE_STRIP = NO;
				DEBUG_INFORMATION_FORMAT = dwarf;
				ENABLE_STRICT_OBJC_MSGSEND = YES;
				ENABLE_TESTABILITY = YES;
				GCC_C_LANGUAGE_STANDARD = gnu11;
				GCC_DYNAMIC_NO_PIC = NO;
				GCC_NO_COMMON_BLOCKS = YES;
				GCC_OPTIMIZATION_LEVEL = 0;
				GCC_PREPROCESSOR_DEFINITIONS = (
					"DEBUG=1",
					"$(inherited)",
				);
				GCC_WARN_64_TO_32_BIT_CONVERSION = YES;
				GCC_WARN_ABOUT_RETURN_TYPE = YES_ERROR;
				GCC_WARN_UNDECLARED_SELECTOR = YES;
				GCC_WARN_UNINITIALIZED_AUTOS = YES_AGGRESSIVE;
				GCC_WARN_UNUSED_FUNCTION = YES;
				GCC_WARN_UNUSED_VARIABLE = YES;
				IPHONEOS_DEPLOYMENT_TARGET = 11.2;
				MTL_ENABLE_DEBUG_INFO = YES;
				ONLY_ACTIVE_ARCH = YES;
				SDKROOT = iphoneos;
				SWIFT_ACTIVE_COMPILATION_CONDITIONS = DEBUG;
				SWIFT_OPTIMIZATION_LEVEL = "-Onone";
			};
			name = Debug;
		};
		1784B65B1FED620A0071A2D0 /* Release */ = {
			isa = XCBuildConfiguration;
			buildSettings = {
				ALWAYS_SEARCH_USER_PATHS = NO;
				CLANG_ANALYZER_NONNULL = YES;
				CLANG_ANALYZER_NUMBER_OBJECT_CONVERSION = YES_AGGRESSIVE;
				CLANG_CXX_LANGUAGE_STANDARD = "gnu++14";
				CLANG_CXX_LIBRARY = "libc++";
				CLANG_ENABLE_MODULES = YES;
				CLANG_ENABLE_OBJC_ARC = YES;
				CLANG_WARN_BLOCK_CAPTURE_AUTORELEASING = YES;
				CLANG_WARN_BOOL_CONVERSION = YES;
				CLANG_WARN_COMMA = YES;
				CLANG_WARN_CONSTANT_CONVERSION = YES;
				CLANG_WARN_DIRECT_OBJC_ISA_USAGE = YES_ERROR;
				CLANG_WARN_DOCUMENTATION_COMMENTS = YES;
				CLANG_WARN_EMPTY_BODY = YES;
				CLANG_WARN_ENUM_CONVERSION = YES;
				CLANG_WARN_INFINITE_RECURSION = YES;
				CLANG_WARN_INT_CONVERSION = YES;
				CLANG_WARN_NON_LITERAL_NULL_CONVERSION = YES;
				CLANG_WARN_OBJC_LITERAL_CONVERSION = YES;
				CLANG_WARN_OBJC_ROOT_CLASS = YES_ERROR;
				CLANG_WARN_RANGE_LOOP_ANALYSIS = YES;
				CLANG_WARN_STRICT_PROTOTYPES = YES;
				CLANG_WARN_SUSPICIOUS_MOVE = YES;
				CLANG_WARN_UNGUARDED_AVAILABILITY = YES_AGGRESSIVE;
				CLANG_WARN_UNREACHABLE_CODE = YES;
				CLANG_WARN__DUPLICATE_METHOD_MATCH = YES;
				CODE_SIGN_IDENTITY = "iPhone Developer";
				COPY_PHASE_STRIP = NO;
				DEBUG_INFORMATION_FORMAT = "dwarf-with-dsym";
				ENABLE_NS_ASSERTIONS = NO;
				ENABLE_STRICT_OBJC_MSGSEND = YES;
				GCC_C_LANGUAGE_STANDARD = gnu11;
				GCC_NO_COMMON_BLOCKS = YES;
				GCC_WARN_64_TO_32_BIT_CONVERSION = YES;
				GCC_WARN_ABOUT_RETURN_TYPE = YES_ERROR;
				GCC_WARN_UNDECLARED_SELECTOR = YES;
				GCC_WARN_UNINITIALIZED_AUTOS = YES_AGGRESSIVE;
				GCC_WARN_UNUSED_FUNCTION = YES;
				GCC_WARN_UNUSED_VARIABLE = YES;
				IPHONEOS_DEPLOYMENT_TARGET = 11.2;
				MTL_ENABLE_DEBUG_INFO = NO;
				SDKROOT = iphoneos;
				SWIFT_OPTIMIZATION_LEVEL = "-Owholemodule";
				VALIDATE_PRODUCT = YES;
			};
			name = Release;
		};
		1784B65D1FED620A0071A2D0 /* Debug */ = {
			isa = XCBuildConfiguration;
			buildSettings = {
				ASSETCATALOG_COMPILER_APPICON_NAME = AppIcon;
				CODE_SIGN_STYLE = Automatic;
				INFOPLIST_FILE = testSwift/Info.plist;
				LD_RUNPATH_SEARCH_PATHS = "$(inherited) @executable_path/Frameworks";
				PRODUCT_BUNDLE_IDENTIFIER = test.testSwift;
				PRODUCT_NAME = "$(TARGET_NAME)";
				SWIFT_VERSION = 4.0;
				TARGETED_DEVICE_FAMILY = "1,2";
			};
			name = Debug;
		};
		1784B65E1FED620A0071A2D0 /* Release */ = {
			isa = XCBuildConfiguration;
			buildSettings = {
				ASSETCATALOG_COMPILER_APPICON_NAME = AppIcon;
				CODE_SIGN_STYLE = Automatic;
				INFOPLIST_FILE = testSwift/Info.plist;
				LD_RUNPATH_SEARCH_PATHS = "$(inherited) @executable_path/Frameworks";
				PRODUCT_BUNDLE_IDENTIFIER = test.testSwift;
				PRODUCT_NAME = "$(TARGET_NAME)";
				SWIFT_VERSION = 4.0;
				TARGETED_DEVICE_FAMILY = "1,2";
			};
			name = Release;
		};
		1784B6601FED620A0071A2D0 /* Debug */ = {
			isa = XCBuildConfiguration;
			buildSettings = {
				ALWAYS_EMBED_SWIFT_STANDARD_LIBRARIES = YES;
				BUNDLE_LOADER = "$(TEST_HOST)";
				CODE_SIGN_STYLE = Automatic;
				INFOPLIST_FILE = testSwiftTests/Info.plist;
				LD_RUNPATH_SEARCH_PATHS = "$(inherited) @executable_path/Frameworks @loader_path/Frameworks";
				PRODUCT_BUNDLE_IDENTIFIER = test.testSwiftTests;
				PRODUCT_NAME = "$(TARGET_NAME)";
				SWIFT_VERSION = 4.0;
				TARGETED_DEVICE_FAMILY = "1,2";
				TEST_HOST = "$(BUILT_PRODUCTS_DIR)/testSwift.app/testSwift";
			};
			name = Debug;
		};
		1784B6611FED620A0071A2D0 /* Release */ = {
			isa = XCBuildConfiguration;
			buildSettings = {
				ALWAYS_EMBED_SWIFT_STANDARD_LIBRARIES = YES;
				BUNDLE_LOADER = "$(TEST_HOST)";
				CODE_SIGN_STYLE = Automatic;
				INFOPLIST_FILE = testSwiftTests/Info.plist;
				LD_RUNPATH_SEARCH_PATHS = "$(inherited) @executable_path/Frameworks @loader_path/Frameworks";
				PRODUCT_BUNDLE_IDENTIFIER = test.testSwiftTests;
				PRODUCT_NAME = "$(TARGET_NAME)";
				SWIFT_VERSION = 4.0;
				TARGETED_DEVICE_FAMILY = "1,2";
				TEST_HOST = "$(BUILT_PRODUCTS_DIR)/testSwift.app/testSwift";
			};
			name = Release;
		};
		1784B6631FED620A0071A2D0 /* Debug */ = {
			isa = XCBuildConfiguration;
			buildSettings = {
				ALWAYS_EMBED_SWIFT_STANDARD_LIBRARIES = YES;
				CODE_SIGN_STYLE = Automatic;
				INFOPLIST_FILE = testSwiftUITests/Info.plist;
				LD_RUNPATH_SEARCH_PATHS = "$(inherited) @executable_path/Frameworks @loader_path/Frameworks";
				PRODUCT_BUNDLE_IDENTIFIER = test.testSwiftUITests;
				PRODUCT_NAME = "$(TARGET_NAME)";
				SWIFT_VERSION = 4.0;
				TARGETED_DEVICE_FAMILY = "1,2";
				TEST_TARGET_NAME = testSwift;
			};
			name = Debug;
		};
		1784B6641FED620A0071A2D0 /* Release */ = {
			isa = XCBuildConfiguration;
			buildSettings = {
				ALWAYS_EMBED_SWIFT_STANDARD_LIBRARIES = YES;
				CODE_SIGN_STYLE = Automatic;
				INFOPLIST_FILE = testSwiftUITests/Info.plist;
				LD_RUNPATH_SEARCH_PATHS = "$(inherited) @executable_path/Frameworks @loader_path/Frameworks";
				PRODUCT_BUNDLE_IDENTIFIER = test.testSwiftUITests;
				PRODUCT_NAME = "$(TARGET_NAME)";
				SWIFT_VERSION = 4.0;
				TARGETED_DEVICE_FAMILY = "1,2";
				TEST_TARGET_NAME = testSwift;
			};
			name = Release;
		};
/* End XCBuildConfiguration section */

/* Begin XCConfigurationList section */
		1784B62F1FED62090071A2D0 /* Build configuration list for PBXProject "testSwift" */ = {
			isa = XCConfigurationList;
			buildConfigurations = (
				1784B65A1FED620A0071A2D0 /* Debug */,
				1784B65B1FED620A0071A2D0 /* Release */,
			);
			defaultConfigurationIsVisible = 0;
			defaultConfigurationName = Release;
		};
		1784B65C1FED620A0071A2D0 /* Build configuration list for PBXNativeTarget "testSwift" */ = {
			isa = XCConfigurationList;
			buildConfigurations = (
				1784B65D1FED620A0071A2D0 /* Debug */,
				1784B65E1FED620A0071A2D0 /* Release */,
			);
			defaultConfigurationIsVisible = 0;
			defaultConfigurationName = Release;
		};
		1784B65F1FED620A0071A2D0 /* Build configuration list for PBXNativeTarget "testSwiftTests" */ = {
			isa = XCConfigurationList;
			buildConfigurations = (
				1784B6601FED620A0071A2D0 /* Debug */,
				1784B6611FED620A0071A2D0 /* Release */,
			);
			defaultConfigurationIsVisible = 0;
			defaultConfigurationName = Release;
		};
		1784B6621FED620A0071A2D0 /* Build configuration list for PBXNativeTarget "testSwiftUITests" */ = {
			isa = XCConfigurationList;
			buildConfigurations = (
				1784B6631FED620A0071A2D0 /* Debug */,
				1784B6641FED620A0071A2D0 /* Release */,
			);
			defaultConfigurationIsVisible = 0;
			defaultConfigurationName = Release;
		};
/* End XCConfigurationList section */
	};
	rootObject = 1784B62C1FED62090071A2D0 /* Project object */;
}
